
Microsoft Visual Studio Solution File, Format Version 12.00
Project("{FAE04EC0-301F-11D3-BF4B-00C04F79EFBC}") = "AbstractClassesDemoCSharp-49", "AbstractClassesDemoCSharp-49\AbstractClassesDemoCSharp-49.csproj", "{94D25589-235A-488F-85E8-0966B47D927B}"
EndProject
Global
	GlobalSection(SolutionConfigurationPlatforms) = preSolution
		Debug|Any CPU = Debug|Any CPU
		Release|Any CPU = Release|Any CPU
	EndGlobalSection
	GlobalSection(ProjectConfigurationPlatforms) = postSolution
		{94D25589-235A-488F-85E8-0966B47D927B}.Debug|Any CPU.ActiveCfg = Debug|Any CPU
		{94D25589-235A-488F-85E8-0966B47D927B}.Debug|Any CPU.Build.0 = Debug|Any CPU
		{94D25589-235A-488F-85E8-0966B47D927B}.Release|Any CPU.ActiveCfg = Release|Any CPU
		{94D25589-235A-488F-85E8-0966B47D927B}.Release|Any CPU.Build.0 = Release|Any CPU
	EndGlobalSection
EndGlobal
